lockfileVersion: 5.4

overrides:
  canvas: link:scripts/empty

specifiers:
  '@types/cli-progress': ^3.11.0
  '@types/gifencoder': ^2.0.1
  '@types/node': ^18.7.16
  canvas: link:scripts/empty
  cli-progress: ^3.11.2
  commander: ^9.4.0
  gifencoder: ^2.0.1
  piscina: ^3.2.0
  typescript: ^4.8.2

dependencies:
  '@types/cli-progress': 3.11.0
  cli-progress: 3.11.2
  commander: 9.4.0
  gifencoder: 2.0.1
  piscina: 3.2.0

optionalDependencies:
  canvas: link:scripts/empty

devDependencies:
  '@types/gifencoder': 2.0.1
  '@types/node': 18.7.16
  typescript: 4.8.2

packages:

  /@assemblyscript/loader/0.10.1:
    resolution: {integrity: sha512-H71nDOOL8Y7kWRLqf6Sums+01Q5msqBW2KhDUTemh1tvY04eSkSXrK0uj/4mmY0Xr16/3zyZmsrxN7CKuRbNRg==}
    dev: false

  /@types/cli-progress/3.11.0:
    resolution: {integrity: sha512-XhXhBv1R/q2ahF3BM7qT5HLzJNlIL0wbcGyZVjqOTqAybAnsLisd7gy1UCyIqpL+5Iv6XhlSyzjLCnI2sIdbCg==}
    dependencies:
      '@types/node': 18.7.16
    dev: false

  /@types/gifencoder/2.0.1:
    resolution: {integrity: sha512-Ls78JLiLPHA1ytIXMWv/7/71a2Cz7BBnjgi9R/LFcIS531PEFYxPPGHNmBBnLekQ7/VpO+n1fgaJ6XD3ZkpApg==}
    dependencies:
      '@types/node': 18.7.16
    dev: true

  /@types/node/18.7.16:
    resolution: {integrity: sha512-EQHhixfu+mkqHMZl1R2Ovuvn47PUw18azMJOTwSZr9/fhzHNGXAJ0ma0dayRVchprpCj0Kc1K1xKoWaATWF1qg==}

  /ansi-regex/5.0.1:
    resolution: {integrity: sha512-quJQXlTSUGL2LH9SUXo8VwsY4soanhgo6LNSm84E1LBcE8s3O0wpdiRzyR9z/ZZJMlMWv37qOOb9pdJlMUEKFQ==}
    engines: {node: '>=8'}
    dev: false

  /base64-js/1.5.1:
    resolution: {integrity: sha512-AKpaYlHn8t4SVbOHCy+b5+KKgvR4vrsD8vbvrbiQJps7fKDTkjkDry6ji0rUJjC0kzbNePLwzxq8iypo41qeWA==}
    dev: false

  /cli-progress/3.11.2:
    resolution: {integrity: sha512-lCPoS6ncgX4+rJu5bS3F/iCz17kZ9MPZ6dpuTtI0KXKABkhyXIdYB3Inby1OpaGti3YlI3EeEkM9AuWpelJrVA==}
    engines: {node: '>=4'}
    dependencies:
      string-width: 4.2.3
    dev: false

  /commander/9.4.0:
    resolution: {integrity: sha512-sRPT+umqkz90UA8M1yqYfnHlZA7fF6nSphDtxeywPZ49ysjxDQybzk13CL+mXekDRG92skbcqCLVovuCusNmFw==}
    engines: {node: ^12.20.0 || >=14}
    dev: false

  /emoji-regex/8.0.0:
    resolution: {integrity: sha512-MSjYzcWNOA0ewAHpz0MxpYFvwg6yjy1NG3xteoqz644VCo/RPgnr1/GGt+ic3iJTzQ8Eu3TdM14SawnVUmGE6A==}
    dev: false

  /eventemitter-asyncresource/1.0.0:
    resolution: {integrity: sha512-39F7TBIV0G7gTelxwbEqnwhp90eqCPON1k0NwNfwhgKn4Co4ybUbj2pECcXT0B3ztRKZ7Pw1JujUUgmQJHcVAQ==}
    dev: false

  /gifencoder/2.0.1:
    resolution: {integrity: sha512-x19DcyWY10SkshBpokqFOo/HBht9GB75evRYvaLMbez9p+yB/o+kt0fK9AwW59nFiAMs2UUQsjv1lX/hvu9Ong==}
    dependencies:
      canvas: link:scripts/empty
    dev: false

  /hdr-histogram-js/2.0.3:
    resolution: {integrity: sha512-Hkn78wwzWHNCp2uarhzQ2SGFLU3JY8SBDDd3TAABK4fc30wm+MuPOrg5QVFVfkKOQd6Bfz3ukJEI+q9sXEkK1g==}
    dependencies:
      '@assemblyscript/loader': 0.10.1
      base64-js: 1.5.1
      pako: 1.0.11
    dev: false

  /hdr-histogram-percentiles-obj/3.0.0:
    resolution: {integrity: sha512-7kIufnBqdsBGcSZLPJwqHT3yhk1QTsSlFsVD3kx5ixH/AlgBs9yM1q6DPhXZ8f8gtdqgh7N7/5btRLpQsS2gHw==}
    dev: false

  /is-fullwidth-code-point/3.0.0:
    resolution: {integrity: sha512-zymm5+u+sCsSWyD9qNaejV3DFvhCKclKdizYaJUuHA83RLjb7nSuGnddCHGv0hk+KY7BMAlsWeK4Ueg6EV6XQg==}
    engines: {node: '>=8'}
    dev: false

  /nice-napi/1.0.2:
    resolution: {integrity: sha512-px/KnJAJZf5RuBGcfD+Sp2pAKq0ytz8j+1NehvgIGFkvtvFrDM3T8E4x/JJODXK9WZow8RRGrbA9QQ3hs+pDhA==}
    os: ['!win32']
    requiresBuild: true
    dependencies:
      node-addon-api: 3.2.1
      node-gyp-build: 4.5.0
    dev: false
    optional: true

  /node-addon-api/3.2.1:
    resolution: {integrity: sha512-mmcei9JghVNDYydghQmeDX8KoAm0FAiYyIcUt/N4nhyAipB17pllZQDOJD2fotxABnt4Mdz+dKTO7eftLg4d0A==}
    requiresBuild: true
    dev: false
    optional: true

  /node-gyp-build/4.5.0:
    resolution: {integrity: sha512-2iGbaQBV+ITgCz76ZEjmhUKAKVf7xfY1sRl4UiKQspfZMH2h06SyhNsnSVy50cwkFQDGLyif6m/6uFXHkOZ6rg==}
    hasBin: true
    requiresBuild: true
    dev: false
    optional: true

  /pako/1.0.11:
    resolution: {integrity: sha512-4hLB8Py4zZce5s4yd9XzopqwVv/yGNhV1Bl8NTmCq1763HeK2+EwVTv+leGeL13Dnh2wfbqowVPXCIO0z4taYw==}
    dev: false

  /piscina/3.2.0:
    resolution: {integrity: sha512-yn/jMdHRw+q2ZJhFhyqsmANcbF6V2QwmD84c6xRau+QpQOmtrBCoRGdvTfeuFDYXB5W2m6MfLkjkvQa9lUSmIA==}
    dependencies:
      eventemitter-asyncresource: 1.0.0
      hdr-histogram-js: 2.0.3
      hdr-histogram-percentiles-obj: 3.0.0
    optionalDependencies:
      nice-napi: 1.0.2
    dev: false

  /string-width/4.2.3:
    resolution: {integrity: sha512-wKyQRQpjJ0sIp62ErSZdGsjMJWsap5oRNihHhu6G7JVO/9jIB6UyevL+tXuOqrng8j/cxKTWyWUwvSTriiZz/g==}
    engines: {node: '>=8'}
    dependencies:
      emoji-regex: 8.0.0
      is-fullwidth-code-point: 3.0.0
      strip-ansi: 6.0.1
    dev: false

  /strip-ansi/6.0.1:
    resolution: {integrity: sha512-Y38VPSHcqkFrCpFnQ9vuSXmquuv5oXOKpGeT6aGrr3o3Gc9AlVa6JBfUSOCnbxGGZF+/0ooI7KrPuUSztUdU5A==}
    engines: {node: '>=8'}
    dependencies:
      ansi-regex: 5.0.1
    dev: false

  /typescript/4.8.2:
    resolution: {integrity: sha512-C0I1UsrrDHo2fYI5oaCGbSejwX4ch+9Y5jTQELvovfmFkK3HHSZJB8MSJcWLmCUBzQBchCrZ9rMRV6GuNrvGtw==}
    engines: {node: '>=4.2.0'}
    hasBin: true
    dev: true
